// !$*UTF8*$!
{
	archiveVersion = 1;
	classes = {
	};
	objectVersion = 46;
	objects = {

/* Begin PBXBuildFile section */
		F7668B6D1B5FE15300485C65 /* Parse.framework in Frameworks */ = {isa = PBXBuildFile; fileRef = F7668B6C1B5FE15300485C65 /* Parse.framework */; };
		F7668B6F1B5FE19700485C65 /* AudioToolbox.framework in Frameworks */ = {isa = PBXBuildFile; fileRef = F7668B6E1B5FE19700485C65 /* AudioToolbox.framework */; };
		F7668B711B5FE19C00485C65 /* CFNetwork.framework in Frameworks */ = {isa = PBXBuildFile; fileRef = F7668B701B5FE19C00485C65 /* CFNetwork.framework */; };
		F7668B731B5FE1A400485C65 /* CoreGraphics.framework in Frameworks */ = {isa = PBXBuildFile; fileRef = F7668B721B5FE1A400485C65 /* CoreGraphics.framework */; };
		F7668B751B5FE1AE00485C65 /* CoreLocation.framework in Frameworks */ = {isa = PBXBuildFile; fileRef = F7668B741B5FE1AE00485C65 /* CoreLocation.framework */; };
		F7668B771B5FE22D00485C65 /* libz.dylib in Frameworks */ = {isa = PBXBuildFile; fileRef = F7668B761B5FE22D00485C65 /* libz.dylib */; };
		F7668B791B5FE23900485C65 /* MobileCoreServices.framework in Frameworks */ = {isa = PBXBuildFile; fileRef = F7668B781B5FE23900485C65 /* MobileCoreServices.framework */; };
		F7668B7B1B5FE24500485C65 /* QuartzCore.framework in Frameworks */ = {isa = PBXBuildFile; fileRef = F7668B7A1B5FE24500485C65 /* QuartzCore.framework */; };
		F7668B7D1B5FE24F00485C65 /* Security.framework in Frameworks */ = {isa = PBXBuildFile; fileRef = F7668B7C1B5FE24F00485C65 /* Security.framework */; };
		F7668B7F1B5FE25B00485C65 /* StoreKit.framework in Frameworks */ = {isa = PBXBuildFile; fileRef = F7668B7E1B5FE25B00485C65 /* StoreKit.framework */; };
		F7668B811B5FE26800485C65 /* SystemConfiguration.framework in Frameworks */ = {isa = PBXBuildFile; fileRef = F7668B801B5FE26800485C65 /* SystemConfiguration.framework */; };
		F7668B831B5FEBCD00485C65 /* Accounts.framework in Frameworks */ = {isa = PBXBuildFile; fileRef = F7668B821B5FEBCD00485C65 /* Accounts.framework */; };
		F7668B851B5FEBD200485C65 /* Social.framework in Frameworks */ = {isa = PBXBuildFile; fileRef = F7668B841B5FEBD200485C65 /* Social.framework */; };
		F7668B871B5FEC4B00485C65 /* libsqlite3.dylib in Frameworks */ = {isa = PBXBuildFile; fileRef = F7668B861B5FEC4B00485C65 /* libsqlite3.dylib */; };
		F7668B891B5FEDB100485C65 /* ParseUI.framework in Frameworks */ = {isa = PBXBuildFile; fileRef = F7668B881B5FEDB100485C65 /* ParseUI.framework */; };
		F7668B8B1B5FF7D000485C65 /* CustomLogInViewController.swift in Sources */ = {isa = PBXBuildFile; fileRef = F7668B8A1B5FF7D000485C65 /* CustomLogInViewController.swift */; };
		F7668B8D1B5FF84100485C65 /* CustomSignUpViewController.swift in Sources */ = {isa = PBXBuildFile; fileRef = F7668B8C1B5FF84100485C65 /* CustomSignUpViewController.swift */; };
		F7668B901B60359200485C65 /* Bolts.framework in Frameworks */ = {isa = PBXBuildFile; fileRef = F7668B8E1B60359200485C65 /* Bolts.framework */; };
		F7668B911B60359200485C65 /* ParseCrashReporting.framework in Frameworks */ = {isa = PBXBuildFile; fileRef = F7668B8F1B60359200485C65 /* ParseCrashReporting.framework */; };
		F7D629A41B5D8FFC007C3457 /* AppDelegate.swift in Sources */ = {isa = PBXBuildFile; fileRef = F7D629A31B5D8FFC007C3457 /* AppDelegate.swift */; };
		F7D629A61B5D8FFC007C3457 /* ViewController.swift in Sources */ = {isa = PBXBuildFile; fileRef = F7D629A51B5D8FFC007C3457 /* ViewController.swift */; };
		F7D629A91B5D8FFC007C3457 /* Main.storyboard in Resources */ = {isa = PBXBuildFile; fileRef = F7D629A71B5D8FFC007C3457 /* Main.storyboard */; };
		F7D629AB1B5D8FFC007C3457 /* Images.xcassets in Resources */ = {isa = PBXBuildFile; fileRef = F7D629AA1B5D8FFC007C3457 /* Images.xcassets */; };
		F7D629AE1B5D8FFC007C3457 /* LaunchScreen.xib in Resources */ = {isa = PBXBuildFile; fileRef = F7D629AC1B5D8FFC007C3457 /* LaunchScreen.xib */; };
		F7D629BA1B5D8FFC007C3457 /* REALSHITTests.swift in Sources */ = {isa = PBXBuildFile; fileRef = F7D629B91B5D8FFC007C3457 /* REALSHITTests.swift */; };
/* End PBXBuildFile section */

/* Begin PBXContainerItemProxy section */
		F7D629B41B5D8FFC007C3457 /* PBXContainerItemProxy */ = {
			isa = PBXContainerItemProxy;
			containerPortal = F7D629961B5D8FFC007C3457 /* Project object */;
			proxyType = 1;
			remoteGlobalIDString = F7D6299D1B5D8FFC007C3457;
			remoteInfo = REALSHIT;
		};
/* End PBXContainerItemProxy section */

/* Begin PBXFileReference section */
		F7668B6C1B5FE15300485C65 /* Parse.framework */ = {isa = PBXFileReference; lastKnownFileType = wrapper.framework; name = Parse.framework; path = ../../MoveProject/Frameworks/Parse.framework; sourceTree = "<group>"; };
		F7668B6E1B5FE19700485C65 /* AudioToolbox.framework */ = {isa = PBXFileReference; lastKnownFileType = wrapper.framework; name = AudioToolbox.framework; path = System/Library/Frameworks/AudioToolbox.framework; sourceTree = SDKROOT; };
		F7668B701B5FE19C00485C65 /* CFNetwork.framework */ = {isa = PBXFileReference; lastKnownFileType = wrapper.framework; name = CFNetwork.framework; path = System/Library/Frameworks/CFNetwork.framework; sourceTree = SDKROOT; };
		F7668B721B5FE1A400485C65 /* CoreGraphics.framework */ = {isa = PBXFileReference; lastKnownFileType = wrapper.framework; name = CoreGraphics.framework; path = System/Library/Frameworks/CoreGraphics.framework; sourceTree = SDKROOT; };
		F7668B741B5FE1AE00485C65 /* CoreLocation.framework */ = {isa = PBXFileReference; lastKnownFileType = wrapper.framework; name = CoreLocation.framework; path = System/Library/Frameworks/CoreLocation.framework; sourceTree = SDKROOT; };
		F7668B761B5FE22D00485C65 /* libz.dylib */ = {isa = PBXFileReference; lastKnownFileType = "compiled.mach-o.dylib"; name = libz.dylib; path = usr/lib/libz.dylib; sourceTree = SDKROOT; };
		F7668B781B5FE23900485C65 /* MobileCoreServices.framework */ = {isa = PBXFileReference; lastKnownFileType = wrapper.framework; name = MobileCoreServices.framework; path = System/Library/Frameworks/MobileCoreServices.framework; sourceTree = SDKROOT; };
		F7668B7A1B5FE24500485C65 /* QuartzCore.framework */ = {isa = PBXFileReference; lastKnownFileType = wrapper.framework; name = QuartzCore.framework; path = System/Library/Frameworks/QuartzCore.framework; sourceTree = SDKROOT; };
		F7668B7C1B5FE24F00485C65 /* Security.framework */ = {isa = PBXFileReference; lastKnownFileType = wrapper.framework; name = Security.framework; path = System/Library/Frameworks/Security.framework; sourceTree = SDKROOT; };
		F7668B7E1B5FE25B00485C65 /* StoreKit.framework */ = {isa = PBXFileReference; lastKnownFileType = wrapper.framework; name = StoreKit.framework; path = System/Library/Frameworks/StoreKit.framework; sourceTree = SDKROOT; };
		F7668B801B5FE26800485C65 /* SystemConfiguration.framework */ = {isa = PBXFileReference; lastKnownFileType = wrapper.framework; name = SystemConfiguration.framework; path = System/Library/Frameworks/SystemConfiguration.framework; sourceTree = SDKROOT; };
		F7668B821B5FEBCD00485C65 /* Accounts.framework */ = {isa = PBXFileReference; lastKnownFileType = wrapper.framework; name = Accounts.framework; path = System/Library/Frameworks/Accounts.framework; sourceTree = SDKROOT; };
		F7668B841B5FEBD200485C65 /* Social.framework */ = {isa = PBXFileReference; lastKnownFileType = wrapper.framework; name = Social.framework; path = System/Library/Frameworks/Social.framework; sourceTree = SDKROOT; };
		F7668B861B5FEC4B00485C65 /* libsqlite3.dylib */ = {isa = PBXFileReference; lastKnownFileType = "compiled.mach-o.dylib"; name = libsqlite3.dylib; path = usr/lib/libsqlite3.dylib; sourceTree = SDKROOT; };
		F7668B881B5FEDB100485C65 /* ParseUI.framework */ = {isa = PBXFileReference; lastKnownFileType = wrapper.framework; name = ParseUI.framework; path = "../../../../Downloads/parse-library-1.7.5/ParseUI.framework"; sourceTree = "<group>"; };
		F7668B8A1B5FF7D000485C65 /* CustomLogInViewController.swift */ = {isa = PBXFileReference; fileEncoding = 4; lastKnownFileType = sourcecode.swift; path = CustomLogInViewController.swift; sourceTree = "<group>"; };
		F7668B8C1B5FF84100485C65 /* CustomSignUpViewController.swift */ = {isa = PBXFileReference; fileEncoding = 4; lastKnownFileType = sourcecode.swift; path = CustomSignUpViewController.swift; sourceTree = "<group>"; };
		F7668B8E1B60359200485C65 /* Bolts.framework */ = {isa = PBXFileReference; lastKnownFileType = wrapper.framework; name = Bolts.framework; path = "../../../../Downloads/parse-library-1.7.5/Bolts.framework"; sourceTree = "<group>"; };
		F7668B8F1B60359200485C65 /* ParseCrashReporting.framework */ = {isa = PBXFileReference; lastKnownFileType = wrapper.framework; name = ParseCrashReporting.framework; path = "../../../../Downloads/parse-library-1.7.5/ParseCrashReporting.framework"; sourceTree = "<group>"; };
		F7D6299E1B5D8FFC007C3457 /* MoveProject.app */ = {isa = PBXFileReference; explicitFileType = wrapper.application; includeInIndex = 0; path = MoveProject.app; sourceTree = BUILT_PRODUCTS_DIR; };
		F7D629A21B5D8FFC007C3457 /* Info.plist */ = {isa = PBXFileReference; lastKnownFileType = text.plist.xml; path = Info.plist; sourceTree = "<group>"; };
		F7D629A31B5D8FFC007C3457 /* AppDelegate.swift */ = {isa = PBXFileReference; lastKnownFileType = sourcecode.swift; path = AppDelegate.swift; sourceTree = "<group>"; };
		F7D629A51B5D8FFC007C3457 /* ViewController.swift */ = {isa = PBXFileReference; lastKnownFileType = sourcecode.swift; path = ViewController.swift; sourceTree = "<group>"; };
		F7D629A81B5D8FFC007C3457 /* Base */ = {isa = PBXFileReference; lastKnownFileType = file.storyboard; name = Base; path = Base.lproj/Main.storyboard; sourceTree = "<group>"; };
		F7D629AA1B5D8FFC007C3457 /* Images.xcassets */ = {isa = PBXFileReference; lastKnownFileType = folder.assetcatalog; path = Images.xcassets; sourceTree = "<group>"; };
		F7D629AD1B5D8FFC007C3457 /* Base */ = {isa = PBXFileReference; lastKnownFileType = file.xib; name = Base; path = Base.lproj/LaunchScreen.xib; sourceTree = "<group>"; };
		F7D629B31B5D8FFC007C3457 /* MoveProjectTests.xctest */ = {isa = PBXFileReference; explicitFileType = wrapper.cfbundle; includeInIndex = 0; path = MoveProjectTests.xctest; sourceTree = BUILT_PRODUCTS_DIR; };
		F7D629B81B5D8FFC007C3457 /* Info.plist */ = {isa = PBXFileReference; lastKnownFileType = text.plist.xml; path = Info.plist; sourceTree = "<group>"; };
		F7D629B91B5D8FFC007C3457 /* REALSHITTests.swift */ = {isa = PBXFileReference; lastKnownFileType = sourcecode.swift; path = REALSHITTests.swift; sourceTree = "<group>"; };
/* End PBXFileReference section */

/* Begin PBXFrameworksBuildPhase section */
		F7D6299B1B5D8FFC007C3457 /* Frameworks */ = {
			isa = PBXFrameworksBuildPhase;
			buildActionMask = 2147483647;
			files = (
				F7668B901B60359200485C65 /* Bolts.framework in Frameworks */,
				F7668B911B60359200485C65 /* ParseCrashReporting.framework in Frameworks */,
				F7668B891B5FEDB100485C65 /* ParseUI.framework in Frameworks */,
				F7668B871B5FEC4B00485C65 /* libsqlite3.dylib in Frameworks */,
				F7668B851B5FEBD200485C65 /* Social.framework in Frameworks */,
				F7668B831B5FEBCD00485C65 /* Accounts.framework in Frameworks */,
				F7668B811B5FE26800485C65 /* SystemConfiguration.framework in Frameworks */,
				F7668B7F1B5FE25B00485C65 /* StoreKit.framework in Frameworks */,
				F7668B7D1B5FE24F00485C65 /* Security.framework in Frameworks */,
				F7668B7B1B5FE24500485C65 /* QuartzCore.framework in Frameworks */,
				F7668B791B5FE23900485C65 /* MobileCoreServices.framework in Frameworks */,
				F7668B771B5FE22D00485C65 /* libz.dylib in Frameworks */,
				F7668B751B5FE1AE00485C65 /* CoreLocation.framework in Frameworks */,
				F7668B731B5FE1A400485C65 /* CoreGraphics.framework in Frameworks */,
				F7668B711B5FE19C00485C65 /* CFNetwork.framework in Frameworks */,
				F7668B6F1B5FE19700485C65 /* AudioToolbox.framework in Frameworks */,
				F7668B6D1B5FE15300485C65 /* Parse.framework in Frameworks */,
			);
			runOnlyForDeploymentPostprocessing = 0;
		};
		F7D629B01B5D8FFC007C3457 /* Frameworks */ = {
			isa = PBXFrameworksBuildPhase;
			buildActionMask = 2147483647;
			files = (
			);
			runOnlyForDeploymentPostprocessing = 0;
		};
/* End PBXFrameworksBuildPhase section */

/* Begin PBXGroup section */
		F7668B6B1B5FE15300485C65 /* Frameworks */ = {
			isa = PBXGroup;
			children = (
				F7668B8E1B60359200485C65 /* Bolts.framework */,
				F7668B8F1B60359200485C65 /* ParseCrashReporting.framework */,
				F7668B881B5FEDB100485C65 /* ParseUI.framework */,
				F7668B861B5FEC4B00485C65 /* libsqlite3.dylib */,
				F7668B841B5FEBD200485C65 /* Social.framework */,
				F7668B821B5FEBCD00485C65 /* Accounts.framework */,
				F7668B801B5FE26800485C65 /* SystemConfiguration.framework */,
				F7668B7E1B5FE25B00485C65 /* StoreKit.framework */,
				F7668B7C1B5FE24F00485C65 /* Security.framework */,
				F7668B7A1B5FE24500485C65 /* QuartzCore.framework */,
				F7668B781B5FE23900485C65 /* MobileCoreServices.framework */,
				F7668B761B5FE22D00485C65 /* libz.dylib */,
				F7668B741B5FE1AE00485C65 /* CoreLocation.framework */,
				F7668B721B5FE1A400485C65 /* CoreGraphics.framework */,
				F7668B701B5FE19C00485C65 /* CFNetwork.framework */,
				F7668B6E1B5FE19700485C65 /* AudioToolbox.framework */,
				F7668B6C1B5FE15300485C65 /* Parse.framework */,
			);
			name = Frameworks;
			path = REALSHIT/Frameworks;
			sourceTree = "<group>";
		};
		F7D629951B5D8FFC007C3457 = {
			isa = PBXGroup;
			children = (
				F7D629A01B5D8FFC007C3457 /* MoveProject */,
				F7D629B61B5D8FFC007C3457 /* MoveProjectTests */,
				F7D6299F1B5D8FFC007C3457 /* Products */,
				F7668B6B1B5FE15300485C65 /* Frameworks */,
			);
			sourceTree = "<group>";
		};
		F7D6299F1B5D8FFC007C3457 /* Products */ = {
			isa = PBXGroup;
			children = (
				F7D6299E1B5D8FFC007C3457 /* MoveProject.app */,
				F7D629B31B5D8FFC007C3457 /* MoveProjectTests.xctest */,
			);
			name = Products;
			sourceTree = "<group>";
		};
		F7D629A01B5D8FFC007C3457 /* MoveProject */ = {
			isa = PBXGroup;
			children = (
				F7668B8C1B5FF84100485C65 /* CustomSignUpViewController.swift */,
				F7668B8A1B5FF7D000485C65 /* CustomLogInViewController.swift */,
				F7D629A31B5D8FFC007C3457 /* AppDelegate.swift */,
				F7D629A51B5D8FFC007C3457 /* ViewController.swift */,
				F7D629A71B5D8FFC007C3457 /* Main.storyboard */,
				F7D629AA1B5D8FFC007C3457 /* Images.xcassets */,
				F7D629AC1B5D8FFC007C3457 /* LaunchScreen.xib */,
				F7D629A11B5D8FFC007C3457 /* Supporting Files */,
			);
			path = MoveProject;
			sourceTree = "<group>";
		};
		F7D629A11B5D8FFC007C3457 /* Supporting Files */ = {
			isa = PBXGroup;
			children = (
				F7D629A21B5D8FFC007C3457 /* Info.plist */,
			);
			name = "Supporting Files";
			sourceTree = "<group>";
		};
		F7D629B61B5D8FFC007C3457 /* MoveProjectTests */ = {
			isa = PBXGroup;
			children = (
				F7D629B91B5D8FFC007C3457 /* REALSHITTests.swift */,
				F7D629B71B5D8FFC007C3457 /* Supporting Files */,
			);
			path = MoveProjectTests;
			sourceTree = "<group>";
		};
		F7D629B71B5D8FFC007C3457 /* Supporting Files */ = {
			isa = PBXGroup;
			children = (
				F7D629B81B5D8FFC007C3457 /* Info.plist */,
			);
			name = "Supporting Files";
			sourceTree = "<group>";
		};
/* End PBXGroup section */

/* Begin PBXNativeTarget section */
		F7D6299D1B5D8FFC007C3457 /* MoveProject */ = {
			isa = PBXNativeTarget;
			buildConfigurationList = F7D629BD1B5D8FFC007C3457 /* Build configuration list for PBXNativeTarget "MoveProject" */;
			buildPhases = (
				F7D6299A1B5D8FFC007C3457 /* Sources */,
				F7D6299B1B5D8FFC007C3457 /* Frameworks */,
				F7D6299C1B5D8FFC007C3457 /* Resources */,
			);
			buildRules = (
			);
			dependencies = (
			);
			name = MoveProject;
			productName = REALSHIT;
			productReference = F7D6299E1B5D8FFC007C3457 /* MoveProject.app */;
			productType = "com.apple.product-type.application";
		};
		F7D629B21B5D8FFC007C3457 /* MoveProjectTests */ = {
			isa = PBXNativeTarget;
			buildConfigurationList = F7D629C01B5D8FFC007C3457 /* Build configuration list for PBXNativeTarget "MoveProjectTests" */;
			buildPhases = (
				F7D629AF1B5D8FFC007C3457 /* Sources */,
				F7D629B01B5D8FFC007C3457 /* Frameworks */,
				F7D629B11B5D8FFC007C3457 /* Resources */,
			);
			buildRules = (
			);
			dependencies = (
				F7D629B51B5D8FFC007C3457 /* PBXTargetDependency */,
			);
			name = MoveProjectTests;
			productName = REALSHITTests;
			productReference = F7D629B31B5D8FFC007C3457 /* MoveProjectTests.xctest */;
			productType = "com.apple.product-type.bundle.unit-test";
		};
/* End PBXNativeTarget section */

/* Begin PBXProject section */
		F7D629961B5D8FFC007C3457 /* Project object */ = {
			isa = PBXProject;
			attributes = {
				LastUpgradeCheck = 0630;
				ORGANIZATIONNAME = "DeQuan Burnside";
				TargetAttributes = {
					F7D6299D1B5D8FFC007C3457 = {
						CreatedOnToolsVersion = 6.3.2;
					};
					F7D629B21B5D8FFC007C3457 = {
						CreatedOnToolsVersion = 6.3.2;
						TestTargetID = F7D6299D1B5D8FFC007C3457;
					};
				};
			};
			buildConfigurationList = F7D629991B5D8FFC007C3457 /* Build configuration list for PBXProject "MoveProject" */;
			compatibilityVersion = "Xcode 3.2";
			developmentRegion = English;
			hasScannedForEncodings = 0;
			knownRegions = (
				en,
				Base,
			);
			mainGroup = F7D629951B5D8FFC007C3457;
			productRefGroup = F7D6299F1B5D8FFC007C3457 /* Products */;
			projectDirPath = "";
			projectRoot = "";
			targets = (
				F7D6299D1B5D8FFC007C3457 /* MoveProject */,
				F7D629B21B5D8FFC007C3457 /* MoveProjectTests */,
			);
		};
/* End PBXProject section */

/* Begin PBXResourcesBuildPhase section */
		F7D6299C1B5D8FFC007C3457 /* Resources */ = {
			isa = PBXResourcesBuildPhase;
			buildActionMask = 2147483647;
			files = (
				F7D629A91B5D8FFC007C3457 /* Main.storyboard in Resources */,
				F7D629AE1B5D8FFC007C3457 /* LaunchScreen.xib in Resources */,
				F7D629AB1B5D8FFC007C3457 /* Images.xcassets in Resources */,
			);
			runOnlyForDeploymentPostprocessing = 0;
		};
		F7D629B11B5D8FFC007C3457 /* Resources */ = {
			isa = PBXResourcesBuildPhase;
			buildActionMask = 2147483647;
			files = (
			);
			runOnlyForDeploymentPostprocessing = 0;
		};
/* End PBXResourcesBuildPhase section */

/* Begin PBXSourcesBuildPhase section */
		F7D6299A1B5D8FFC007C3457 /* Sources */ = {
			isa = PBXSourcesBuildPhase;
			buildActionMask = 2147483647;
			files = (
				F7668B8B1B5FF7D000485C65 /* CustomLogInViewController.swift in Sources */,
				F7D629A61B5D8FFC007C3457 /* ViewController.swift in Sources */,
				F7668B8D1B5FF84100485C65 /* CustomSignUpViewController.swift in Sources */,
				F7D629A41B5D8FFC007C3457 /* AppDelegate.swift in Sources */,
			);
			runOnlyForDeploymentPostprocessing = 0;
		};
		F7D629AF1B5D8FFC007C3457 /* Sources */ = {
			isa = PBXSourcesBuildPhase;
			buildActionMask = 2147483647;
			files = (
				F7D629BA1B5D8FFC007C3457 /* REALSHITTests.swift in Sources */,
			);
			runOnlyForDeploymentPostprocessing = 0;
		};
/* End PBXSourcesBuildPhase section */

/* Begin PBXTargetDependency section */
		F7D629B51B5D8FFC007C3457 /* PBXTargetDependency */ = {
			isa = PBXTargetDependency;
			target = F7D6299D1B5D8FFC007C3457 /* MoveProject */;
			targetProxy = F7D629B41B5D8FFC007C3457 /* PBXContainerItemProxy */;
		};
/* End PBXTargetDependency section */

/* Begin PBXVariantGroup section */
		F7D629A71B5D8FFC007C3457 /* Main.storyboard */ = {
			isa = PBXVariantGroup;
			children = (
				F7D629A81B5D8FFC007C3457 /* Base */,
			);
			name = Main.storyboard;
			sourceTree = "<group>";
		};
		F7D629AC1B5D8FFC007C3457 /* LaunchScreen.xib */ = {
			isa = PBXVariantGroup;
			children = (
				F7D629AD1B5D8FFC007C3457 /* Base */,
			);
			name = LaunchScreen.xib;
			sourceTree = "<group>";
		};
/* End PBXVariantGroup section */

/* Begin XCBuildConfiguration section */
		F7D629BB1B5D8FFC007C3457 /* Debug */ = {
			isa = XCBuildConfiguration;
			buildSettings = {
				ALWAYS_SEARCH_USER_PATHS = NO;
				CLANG_CXX_LANGUAGE_STANDARD = "gnu++0x";
				CLANG_CXX_LIBRARY = "libc++";
				CLANG_ENABLE_MODULES = YES;
				CLANG_ENABLE_OBJC_ARC = YES;
				CLANG_WARN_BOOL_CONVERSION = YES;
				CLANG_WARN_CONSTANT_CONVERSION = YES;
				CLANG_WARN_DIRECT_OBJC_ISA_USAGE = YES_ERROR;
				CLANG_WARN_EMPTY_BODY = YES;
				CLANG_WARN_ENUM_CONVERSION = YES;
				CLANG_WARN_INT_CONVERSION = YES;
				CLANG_WARN_OBJC_ROOT_CLASS = YES_ERROR;
				CLANG_WARN_UNREACHABLE_CODE = YES;
				CLANG_WARN__DUPLICATE_METHOD_MATCH = YES;
				"CODE_SIGN_IDENTITY[sdk=iphoneos*]" = "iPhone Developer";
				COPY_PHASE_STRIP = NO;
				DEBUG_INFORMATION_FORMAT = "dwarf-with-dsym";
				ENABLE_STRICT_OBJC_MSGSEND = YES;
				GCC_C_LANGUAGE_STANDARD = gnu99;
				GCC_DYNAMIC_NO_PIC = NO;
				GCC_NO_COMMON_BLOCKS = YES;
				GCC_OPTIMIZATION_LEVEL = 0;
				GCC_PREPROCESSOR_DEFINITIONS = (
					"DEBUG=1",
					"$(inherited)",
				);
				GCC_SYMBOLS_PRIVATE_EXTERN = NO;
				GCC_WARN_64_TO_32_BIT_CONVERSION = YES;
				GCC_WARN_ABOUT_RETURN_TYPE = YES_ERROR;
				GCC_WARN_UNDECLARED_SELECTOR = YES;
				GCC_WARN_UNINITIALIZED_AUTOS = YES_AGGRESSIVE;
				GCC_WARN_UNUSED_FUNCTION = YES;
				GCC_WARN_UNUSED_VARIABLE = YES;
				IPHONEOS_DEPLOYMENT_TARGET = 8.3;
				MTL_ENABLE_DEBUG_INFO = YES;
				ONLY_ACTIVE_ARCH = YES;
				SDKROOT = iphoneos;
				SWIFT_OPTIMIZATION_LEVEL = "-Onone";
				TARGETED_DEVICE_FAMILY = "1,2";
			};
			name = Debug;
		};
		F7D629BC1B5D8FFC007C3457 /* Release */ = {
			isa = XCBuildConfiguration;
			buildSettings = {
				ALWAYS_SEARCH_USER_PATHS = NO;
				CLANG_CXX_LANGUAGE_STANDARD = "gnu++0x";
				CLANG_CXX_LIBRARY = "libc++";
				CLANG_ENABLE_MODULES = YES;
				CLANG_ENABLE_OBJC_ARC = YES;
				CLANG_WARN_BOOL_CONVERSION = YES;
				CLANG_WARN_CONSTANT_CONVERSION = YES;
				CLANG_WARN_DIRECT_OBJC_ISA_USAGE = YES_ERROR;
				CLANG_WARN_EMPTY_BODY = YES;
				CLANG_WARN_ENUM_CONVERSION = YES;
				CLANG_WARN_INT_CONVERSION = YES;
				CLANG_WARN_OBJC_ROOT_CLASS = YES_ERROR;
				CLANG_WARN_UNREACHABLE_CODE = YES;
				CLANG_WARN__DUPLICATE_METHOD_MATCH = YES;
				"CODE_SIGN_IDENTITY[sdk=iphoneos*]" = "iPhone Developer";
				COPY_PHASE_STRIP = NO;
				DEBUG_INFORMATION_FORMAT = "dwarf-with-dsym";
				ENABLE_NS_ASSERTIONS = NO;
				ENABLE_STRICT_OBJC_MSGSEND = YES;
				GCC_C_LANGUAGE_STANDARD = gnu99;
				GCC_NO_COMMON_BLOCKS = YES;
				GCC_WARN_64_TO_32_BIT_CONVERSION = YES;
				GCC_WARN_ABOUT_RETURN_TYPE = YES_ERROR;
				GCC_WARN_UNDECLARED_SELECTOR = YES;
				GCC_WARN_UNINITIALIZED_AUTOS = YES_AGGRESSIVE;
				GCC_WARN_UNUSED_FUNCTION = YES;
				GCC_WARN_UNUSED_VARIABLE = YES;
				IPHONEOS_DEPLOYMENT_TARGET = 8.3;
				MTL_ENABLE_DEBUG_INFO = NO;
				SDKROOT = iphoneos;
				TARGETED_DEVICE_FAMILY = "1,2";
				VALIDATE_PRODUCT = YES;
			};
			name = Release;
		};
		F7D629BE1B5D8FFC007C3457 /* Debug */ = {
			isa = XCBuildConfiguration;
			buildSettings = {
				ASSETCATALOG_COMPILER_APPICON_NAME = AppIcon;
				FRAMEWORK_SEARCH_PATHS = (
					"$(inherited)",
					"$(PROJECT_DIR)/MoveProject/Frameworks",
					"/Users/dequanburnside/Downloads/parse-library-1.7.5",
				);
				INFOPLIST_FILE = MoveProject/Info.plist;
				LD_RUNPATH_SEARCH_PATHS = "$(inherited) @executable_path/Frameworks";
				PRODUCT_NAME = MoveProject;
			};
			name = Debug;
		};
		F7D629BF1B5D8FFC007C3457 /* Release */ = {
			isa = XCBuildConfiguration;
			buildSettings = {
				ASSETCATALOG_COMPILER_APPICON_NAME = AppIcon;
				FRAMEWORK_SEARCH_PATHS = (
					"$(inherited)",
					"$(PROJECT_DIR)/MoveProject/Frameworks",
					"/Users/dequanburnside/Downloads/parse-library-1.7.5",
				);
				INFOPLIST_FILE = MoveProject/Info.plist;
				LD_RUNPATH_SEARCH_PATHS = "$(inherited) @executable_path/Frameworks";
				PRODUCT_NAME = MoveProject;
			};
			name = Release;
		};
		F7D629C11B5D8FFC007C3457 /* Debug */ = {
			isa = XCBuildConfiguration;
			buildSettings = {
				BUNDLE_LOADER = "$(TEST_HOST)";
				FRAMEWORK_SEARCH_PATHS = (
					"$(SDKROOT)/Developer/Library/Frameworks",
					"$(inherited)",
				);
				GCC_PREPROCESSOR_DEFINITIONS = (
					"DEBUG=1",
					"$(inherited)",
				);
				INFOPLIST_FILE = MoveProjectTests/Info.plist;
				LD_RUNPATH_SEARCH_PATHS = "$(inherited) @executable_path/Frameworks @loader_path/Frameworks";
				PRODUCT_NAME = MoveProjectTests;
				TEST_HOST = "$(BUILT_PRODUCTS_DIR)/MoveProject.app/MoveProject";
			};
			name = Debug;
		};
		F7D629C21B5D8FFC007C3457 /* Release */ = {
			isa = XCBuildConfiguration;
			buildSettings = {
				BUNDLE_LOADER = "$(TEST_HOST)";
				FRAMEWORK_SEARCH_PATHS = (
					"$(SDKROOT)/Developer/Library/Frameworks",
					"$(inherited)",
				);
				INFOPLIST_FILE = MoveProjectTests/Info.plist;
				LD_RUNPATH_SEARCH_PATHS = "$(inherited) @executable_path/Frameworks @loader_path/Frameworks";
				PRODUCT_NAME = MoveProjectTests;
				TEST_HOST = "$(BUILT_PRODUCTS_DIR)/MoveProject.app/MoveProject";
			};
			name = Release;
		};
/* End XCBuildConfiguration section */

/* Begin XCConfigurationList section */
		F7D629991B5D8FFC007C3457 /* Build configuration list for PBXProject "MoveProject" */ = {
			isa = XCConfigurationList;
			buildConfigurations = (
				F7D629BB1B5D8FFC007C3457 /* Debug */,
				F7D629BC1B5D8FFC007C3457 /* Release */,
			);
			defaultConfigurationIsVisible = 0;
			defaultConfigurationName = Release;
		};
		F7D629BD1B5D8FFC007C3457 /* Build configuration list for PBXNativeTarget "MoveProject" */ = {
			isa = XCConfigurationList;
			buildConfigurations = (
				F7D629BE1B5D8FFC007C3457 /* Debug */,
				F7D629BF1B5D8FFC007C3457 /* Release */,
			);
			defaultConfigurationIsVisible = 0;
			defaultConfigurationName = Release;
		};
		F7D629C01B5D8FFC007C3457 /* Build configuration list for PBXNativeTarget "MoveProjectTests" */ = {
			isa = XCConfigurationList;
			buildConfigurations = (
				F7D629C11B5D8FFC007C3457 /* Debug */,
				F7D629C21B5D8FFC007C3457 /* Release */,
			);
			defaultConfigurationIsVisible = 0;
			defaultConfigurationName = Release;
		};
/* End XCConfigurationList section */
	};
	rootObject = F7D629961B5D8FFC007C3457 /* Project object */;
}
